// !$*UTF8*$!
{
	archiveVersion = 1;
	classes = {
	};
	objectVersion = 52;
	objects = {

/* Begin PBXBuildFile section */
		EB06F37724332D810018605E /* ConferenceCell.swift in Sources */ = {isa = PBXBuildFile; fileRef = EB06F37524332D810018605E /* ConferenceCell.swift */; };
		EB06F37824332D810018605E /* ConferenceCell.xib in Resources */ = {isa = PBXBuildFile; fileRef = EB06F37624332D810018605E /* ConferenceCell.xib */; };
		EB06F37A2433309A0018605E /* Section.swift in Sources */ = {isa = PBXBuildFile; fileRef = EB06F3792433309A0018605E /* Section.swift */; };
		EB30813124515FE500EB7598 /* Login.swift in Sources */ = {isa = PBXBuildFile; fileRef = EB30813024515FE500EB7598 /* Login.swift */; };
		EB3081332451604100EB7598 /* Event.swift in Sources */ = {isa = PBXBuildFile; fileRef = EB3081322451604100EB7598 /* Event.swift */; };
		EB3081352451608A00EB7598 /* Role.swift in Sources */ = {isa = PBXBuildFile; fileRef = EB3081342451608A00EB7598 /* Role.swift */; };
		EB3081382451631100EB7598 /* MessageResponse.swift in Sources */ = {isa = PBXBuildFile; fileRef = EB3081372451631100EB7598 /* MessageResponse.swift */; };
		EB30813A2451689600EB7598 /* EventsRequest.swift in Sources */ = {isa = PBXBuildFile; fileRef = EB3081392451689600EB7598 /* EventsRequest.swift */; };
		EB30813C245168A000EB7598 /* EventsParser.swift in Sources */ = {isa = PBXBuildFile; fileRef = EB30813B245168A000EB7598 /* EventsParser.swift */; };
		EB308140245172BC00EB7598 /* ConferenceParser.swift in Sources */ = {isa = PBXBuildFile; fileRef = EB30813F245172BC00EB7598 /* ConferenceParser.swift */; };
		EB3081422451735200EB7598 /* ConferenceRequest.swift in Sources */ = {isa = PBXBuildFile; fileRef = EB3081412451735200EB7598 /* ConferenceRequest.swift */; };
		EB3081442451742100EB7598 /* EventRequest.swift in Sources */ = {isa = PBXBuildFile; fileRef = EB3081432451742100EB7598 /* EventRequest.swift */; };
		EB3081462451742E00EB7598 /* EventParser.swift in Sources */ = {isa = PBXBuildFile; fileRef = EB3081452451742E00EB7598 /* EventParser.swift */; };
		EB3081482451753000EB7598 /* ConferencesRequest.swift in Sources */ = {isa = PBXBuildFile; fileRef = EB3081472451753000EB7598 /* ConferencesRequest.swift */; };
		EB30814A2451763B00EB7598 /* ConferencesParser.swift in Sources */ = {isa = PBXBuildFile; fileRef = EB3081492451763B00EB7598 /* ConferencesParser.swift */; };
		EB30814C2451799700EB7598 /* UsersParser.swift in Sources */ = {isa = PBXBuildFile; fileRef = EB30814B2451799700EB7598 /* UsersParser.swift */; };
		EB30814E245179A600EB7598 /* UsersRequest.swift in Sources */ = {isa = PBXBuildFile; fileRef = EB30814D245179A600EB7598 /* UsersRequest.swift */; };
		EB3081502451E7FE00EB7598 /* RegisterTicketRequest.swift in Sources */ = {isa = PBXBuildFile; fileRef = EB30814F2451E7FE00EB7598 /* RegisterTicketRequest.swift */; };
		EB3081522451EBD900EB7598 /* FavoriteEventRequest.swift in Sources */ = {isa = PBXBuildFile; fileRef = EB3081512451EBD900EB7598 /* FavoriteEventRequest.swift */; };
		EB3081542451EE8E00EB7598 /* UnfavoriteEventRequest.swift in Sources */ = {isa = PBXBuildFile; fileRef = EB3081532451EE8E00EB7598 /* UnfavoriteEventRequest.swift */; };
		EB3081562451EF4800EB7598 /* Ticket.swift in Sources */ = {isa = PBXBuildFile; fileRef = EB3081552451EF4800EB7598 /* Ticket.swift */; };
		EB3081582451F05700EB7598 /* TicketRequest.swift in Sources */ = {isa = PBXBuildFile; fileRef = EB3081572451F05700EB7598 /* TicketRequest.swift */; };
		EB30815A2451F0AD00EB7598 /* TicketParser.swift in Sources */ = {isa = PBXBuildFile; fileRef = EB3081592451F0AD00EB7598 /* TicketParser.swift */; };
		EB30815E2452E3C800EB7598 /* TabBarFactory.swift in Sources */ = {isa = PBXBuildFile; fileRef = EB30815D2452E3C800EB7598 /* TabBarFactory.swift */; };
		EB3081622452E4B600EB7598 /* SearchViewController.swift in Sources */ = {isa = PBXBuildFile; fileRef = EB3081602452E4B600EB7598 /* SearchViewController.swift */; };
		EB3081632452E4B600EB7598 /* SearchView.xib in Resources */ = {isa = PBXBuildFile; fileRef = EB3081612452E4B600EB7598 /* SearchView.xib */; };
		EB3081662452E4DE00EB7598 /* FavoritesViewController.swift in Sources */ = {isa = PBXBuildFile; fileRef = EB3081642452E4DE00EB7598 /* FavoritesViewController.swift */; };
		EB3081672452E4DE00EB7598 /* FavoritesView.xib in Resources */ = {isa = PBXBuildFile; fileRef = EB3081652452E4DE00EB7598 /* FavoritesView.xib */; };
		EB30816A2452E59600EB7598 /* TicketsViewController.swift in Sources */ = {isa = PBXBuildFile; fileRef = EB3081682452E59600EB7598 /* TicketsViewController.swift */; };
		EB30816B2452E59600EB7598 /* TicketsView.xib in Resources */ = {isa = PBXBuildFile; fileRef = EB3081692452E59600EB7598 /* TicketsView.xib */; };
		EB30816E2452EBF800EB7598 /* SubtitleCell.swift in Sources */ = {isa = PBXBuildFile; fileRef = EB30816D2452EBF800EB7598 /* SubtitleCell.swift */; };
		EB3081702452EF2300EB7598 /* SearchItemType.swift in Sources */ = {isa = PBXBuildFile; fileRef = EB30816F2452EF2300EB7598 /* SearchItemType.swift */; };
		EB32CD8E2461DC9000AC1FAB /* ScheduleViewController.swift in Sources */ = {isa = PBXBuildFile; fileRef = EB32CD8C2461DC9000AC1FAB /* ScheduleViewController.swift */; };
		EB32CD8F2461DC9000AC1FAB /* ScheduleView.xib in Resources */ = {isa = PBXBuildFile; fileRef = EB32CD8D2461DC9000AC1FAB /* ScheduleView.xib */; };
		EB32CD932461E26E00AC1FAB /* EventViewController.swift in Sources */ = {isa = PBXBuildFile; fileRef = EB32CD912461E26D00AC1FAB /* EventViewController.swift */; };
		EB32CD942461E26E00AC1FAB /* EventView.xib in Resources */ = {isa = PBXBuildFile; fileRef = EB32CD922461E26D00AC1FAB /* EventView.xib */; };
		EB3B31F0244D7A880023E930 /* Tariff.swift in Sources */ = {isa = PBXBuildFile; fileRef = EB3B31EF244D7A880023E930 /* Tariff.swift */; };
		EB3B31F4244DA6510023E930 /* UserRequest.swift in Sources */ = {isa = PBXBuildFile; fileRef = EB3B31F3244DA6510023E930 /* UserRequest.swift */; };
		EB3B31F6244DA6F50023E930 /* UserParser.swift in Sources */ = {isa = PBXBuildFile; fileRef = EB3B31F5244DA6F50023E930 /* UserParser.swift */; };
		EB3B31FA24501A010023E930 /* OrganizerSignUpViewController.swift in Sources */ = {isa = PBXBuildFile; fileRef = EB3B31F824501A010023E930 /* OrganizerSignUpViewController.swift */; };
		EB3B31FB24501A010023E930 /* OrganizerSignUpView.xib in Resources */ = {isa = PBXBuildFile; fileRef = EB3B31F924501A010023E930 /* OrganizerSignUpView.xib */; };
		EB3B31FD24509B300023E930 /* CreateConferenceRequest.swift in Sources */ = {isa = PBXBuildFile; fileRef = EB3B31FC24509B300023E930 /* CreateConferenceRequest.swift */; };
		EB3B31FF24509C110023E930 /* Conference.swift in Sources */ = {isa = PBXBuildFile; fileRef = EB3B31FE24509C110023E930 /* Conference.swift */; };
		EB3B320124509D130023E930 /* SuccessParser.swift in Sources */ = {isa = PBXBuildFile; fileRef = EB3B320024509D130023E930 /* SuccessParser.swift */; };
		EB3B320324509E3C0023E930 /* AddEventsRequest.swift in Sources */ = {isa = PBXBuildFile; fileRef = EB3B320224509E3C0023E930 /* AddEventsRequest.swift */; };
		EB3B320524509E4A0023E930 /* AddTariffsRequest.swift in Sources */ = {isa = PBXBuildFile; fileRef = EB3B320424509E4A0023E930 /* AddTariffsRequest.swift */; };
		EB549C0F2469D85700CD1951 /* StatisticsViewController.swift in Sources */ = {isa = PBXBuildFile; fileRef = EB549C0D2469D85700CD1951 /* StatisticsViewController.swift */; };
		EB549C102469D85700CD1951 /* StatisticsView.xib in Resources */ = {isa = PBXBuildFile; fileRef = EB549C0E2469D85700CD1951 /* StatisticsView.xib */; };
		EB5CE48F245379A40085E59B /* NewConferenceViewController.swift in Sources */ = {isa = PBXBuildFile; fileRef = EB5CE48D245379A40085E59B /* NewConferenceViewController.swift */; };
		EB5CE490245379A40085E59B /* NewConferenceView.xib in Resources */ = {isa = PBXBuildFile; fileRef = EB5CE48E245379A40085E59B /* NewConferenceView.xib */; };
		EB5D02382474BC2700FE43B2 /* ChangeConferenceRequest.swift in Sources */ = {isa = PBXBuildFile; fileRef = EB5D02372474BC2700FE43B2 /* ChangeConferenceRequest.swift */; };
		EB5D023E2474FA9600FE43B2 /* Kingfisher in Frameworks */ = {isa = PBXBuildFile; productRef = EB5D023D2474FA9600FE43B2 /* Kingfisher */; };
		EB5D02422477BB5100FE43B2 /* ImagePicker.swift in Sources */ = {isa = PBXBuildFile; fileRef = EB5D02412477BB5100FE43B2 /* ImagePicker.swift */; };
		EB5D02442477CAEB00FE43B2 /* Event.pkpass in Resources */ = {isa = PBXBuildFile; fileRef = EB5D02432477CAEB00FE43B2 /* Event.pkpass */; };
		EB67D77B244C8B5C00E66B3C /* CategoriesViewController.swift in Sources */ = {isa = PBXBuildFile; fileRef = EB67D779244C8B5C00E66B3C /* CategoriesViewController.swift */; };
		EB67D77C244C8B5C00E66B3C /* CategoriesView.xib in Resources */ = {isa = PBXBuildFile; fileRef = EB67D77A244C8B5C00E66B3C /* CategoriesView.xib */; };
		EB67D783244D756100E66B3C /* Category.swift in Sources */ = {isa = PBXBuildFile; fileRef = EB67D782244D756100E66B3C /* Category.swift */; };
		EB6E6AFC246BB6E000F1077F /* TariffsViewController.swift in Sources */ = {isa = PBXBuildFile; fileRef = EB6E6AFA246BB6E000F1077F /* TariffsViewController.swift */; };
		EB6E6AFD246BB6E000F1077F /* TariffsView.xib in Resources */ = {isa = PBXBuildFile; fileRef = EB6E6AFB246BB6E000F1077F /* TariffsView.xib */; };
		EB6F38A72464C83800BDEBCE /* TicketViewController.swift in Sources */ = {isa = PBXBuildFile; fileRef = EB6F38A52464C83800BDEBCE /* TicketViewController.swift */; };
		EB6F38A82464C83800BDEBCE /* TicketView.xib in Resources */ = {isa = PBXBuildFile; fileRef = EB6F38A62464C83800BDEBCE /* TicketView.xib */; };
		EB78FE42245CA1C5002DE6FC /* PurchaseViewController.swift in Sources */ = {isa = PBXBuildFile; fileRef = EB78FE40245CA1C5002DE6FC /* PurchaseViewController.swift */; };
		EB78FE43245CA1C5002DE6FC /* PurchaseView.xib in Resources */ = {isa = PBXBuildFile; fileRef = EB78FE41245CA1C5002DE6FC /* PurchaseView.xib */; };
		EB8309B9246AF9A100A6D47E /* StatisticsCell.swift in Sources */ = {isa = PBXBuildFile; fileRef = EB8309B7246AF9A100A6D47E /* StatisticsCell.swift */; };
		EB8309BA246AF9A100A6D47E /* StatisticsCell.xib in Resources */ = {isa = PBXBuildFile; fileRef = EB8309B8246AF9A100A6D47E /* StatisticsCell.xib */; };
		EB8309BD246AFEBA00A6D47E /* TariffDataViewController.swift in Sources */ = {isa = PBXBuildFile; fileRef = EB8309BB246AFEBA00A6D47E /* TariffDataViewController.swift */; };
		EB8309BE246AFEBA00A6D47E /* TariffDataView.xib in Resources */ = {isa = PBXBuildFile; fileRef = EB8309BC246AFEBA00A6D47E /* TariffDataView.xib */; };
		EB9978132430925800DD5663 /* BigButton.swift in Sources */ = {isa = PBXBuildFile; fileRef = EB9978122430925800DD5663 /* BigButton.swift */; };
		EB997816243096BB00DD5663 /* KeyboardAdjuster in Frameworks */ = {isa = PBXBuildFile; productRef = EB997815243096BB00DD5663 /* KeyboardAdjuster */; };
		EB9978182430995B00DD5663 /* FormHelper.swift in Sources */ = {isa = PBXBuildFile; fileRef = EB9978172430995B00DD5663 /* FormHelper.swift */; };
		EB99781C24320A4200DD5663 /* UserDefaultsService.swift in Sources */ = {isa = PBXBuildFile; fileRef = EB99781B24320A4200DD5663 /* UserDefaultsService.swift */; };
		EB9978202432890300DD5663 /* AccountViewController.swift in Sources */ = {isa = PBXBuildFile; fileRef = EB99781E2432890300DD5663 /* AccountViewController.swift */; };
		EB9978212432890300DD5663 /* AccountView.xib in Resources */ = {isa = PBXBuildFile; fileRef = EB99781F2432890300DD5663 /* AccountView.xib */; };
		EBA3F1E8246B830B0065A28B /* BaseDeleteRequest.swift in Sources */ = {isa = PBXBuildFile; fileRef = EBA3F1E7246B830B0065A28B /* BaseDeleteRequest.swift */; };
		EBA3F1EA246B85AE0065A28B /* DeleteEventRequest.swift in Sources */ = {isa = PBXBuildFile; fileRef = EBA3F1E9246B85AE0065A28B /* DeleteEventRequest.swift */; };
		EBA3F1EC246B86280065A28B /* DeleteConferenceRequest.swift in Sources */ = {isa = PBXBuildFile; fileRef = EBA3F1EB246B86280065A28B /* DeleteConferenceRequest.swift */; };
		EBA3F1EE246B87260065A28B /* DeleteTariffRequest.swift in Sources */ = {isa = PBXBuildFile; fileRef = EBA3F1ED246B87260065A28B /* DeleteTariffRequest.swift */; };
		EBA3F1F1246B91030065A28B /* SendPushNotificationRequest.swift in Sources */ = {isa = PBXBuildFile; fileRef = EBA3F1F0246B91030065A28B /* SendPushNotificationRequest.swift */; };
		EBA3F1F3246B91B80065A28B /* PushNotification.swift in Sources */ = {isa = PBXBuildFile; fileRef = EBA3F1F2246B91B80065A28B /* PushNotification.swift */; };
		EBB3222D2448427F00942A2B /* RequestFactory.swift in Sources */ = {isa = PBXBuildFile; fileRef = EBB3222C2448427F00942A2B /* RequestFactory.swift */; };
		EBB3222F2448431100942A2B /* RequestSender.swift in Sources */ = {isa = PBXBuildFile; fileRef = EBB3222E2448431100942A2B /* RequestSender.swift */; };
		EBB32231244843DB00942A2B /* BaseGetRequest.swift in Sources */ = {isa = PBXBuildFile; fileRef = EBB32230244843DB00942A2B /* BaseGetRequest.swift */; };
		EBB32233244843FA00942A2B /* BasePostRequest.swift in Sources */ = {isa = PBXBuildFile; fileRef = EBB32232244843FA00942A2B /* BasePostRequest.swift */; };
		EBB322352448441900942A2B /* RequestConfig.swift in Sources */ = {isa = PBXBuildFile; fileRef = EBB322342448441900942A2B /* RequestConfig.swift */; };
		EBB322372448466400942A2B /* HttpStatusCode.swift in Sources */ = {isa = PBXBuildFile; fileRef = EBB322362448466400942A2B /* HttpStatusCode.swift */; };
		EBB32239244846A800942A2B /* Error.swift in Sources */ = {isa = PBXBuildFile; fileRef = EBB32238244846A800942A2B /* Error.swift */; };
		EBB3223B24486A5100942A2B /* MessageParser.swift in Sources */ = {isa = PBXBuildFile; fileRef = EBB3223A24486A5100942A2B /* MessageParser.swift */; };
		EBB3223F24486AEC00942A2B /* SignUpRequest.swift in Sources */ = {isa = PBXBuildFile; fileRef = EBB3223E24486AEC00942A2B /* SignUpRequest.swift */; };
		EBB3224124486AF500942A2B /* LoginRequest.swift in Sources */ = {isa = PBXBuildFile; fileRef = EBB3224024486AF500942A2B /* LoginRequest.swift */; };
		EBB3224424486D9300942A2B /* SuccessResponse.swift in Sources */ = {isa = PBXBuildFile; fileRef = EBB3224324486D9300942A2B /* SuccessResponse.swift */; };
		EBB3224624486F3F00942A2B /* SignUp.swift in Sources */ = {isa = PBXBuildFile; fileRef = EBB3224524486F3F00942A2B /* SignUp.swift */; };
		EBB3224824498E8C00942A2B /* AlertService.swift in Sources */ = {isa = PBXBuildFile; fileRef = EBB3224724498E8C00942A2B /* AlertService.swift */; };
		EBB3224A244B6E0400942A2B /* User.swift in Sources */ = {isa = PBXBuildFile; fileRef = EBB32249244B6E0400942A2B /* User.swift */; };
		EBCD8EE324672C5000DBDD62 /* EventsViewController.swift in Sources */ = {isa = PBXBuildFile; fileRef = EBCD8EE124672C5000DBDD62 /* EventsViewController.swift */; };
		EBCD8EE424672C5000DBDD62 /* EventsView.xib in Resources */ = {isa = PBXBuildFile; fileRef = EBCD8EE224672C5000DBDD62 /* EventsView.xib */; };
		EBCD8EE624674F3500DBDD62 /* ScannerViewController.swift in Sources */ = {isa = PBXBuildFile; fileRef = EBCD8EE524674F3500DBDD62 /* ScannerViewController.swift */; };
		EBD451BE2435F9D800F6A4C2 /* ConferenceViewController.swift in Sources */ = {isa = PBXBuildFile; fileRef = EBD451BC2435F9D800F6A4C2 /* ConferenceViewController.swift */; };
		EBD451BF2435F9D800F6A4C2 /* ConferenceView.xib in Resources */ = {isa = PBXBuildFile; fileRef = EBD451BD2435F9D800F6A4C2 /* ConferenceView.xib */; };
		EBDB1E0A245750BE009316FC /* MyConferencesViewController.swift in Sources */ = {isa = PBXBuildFile; fileRef = EBDB1E08245750BE009316FC /* MyConferencesViewController.swift */; };
		EBDB1E0B245750BE009316FC /* MyConferencesView.xib in Resources */ = {isa = PBXBuildFile; fileRef = EBDB1E09245750BE009316FC /* MyConferencesView.xib */; };
		EBDB1E0E24589AA8009316FC /* NewTariffViewController.swift in Sources */ = {isa = PBXBuildFile; fileRef = EBDB1E0C24589AA8009316FC /* NewTariffViewController.swift */; };
		EBDB1E0F24589AA8009316FC /* NewTariffView.xib in Resources */ = {isa = PBXBuildFile; fileRef = EBDB1E0D24589AA8009316FC /* NewTariffView.xib */; };
		EBDB1E1224589B64009316FC /* NewEventViewController.swift in Sources */ = {isa = PBXBuildFile; fileRef = EBDB1E1024589B64009316FC /* NewEventViewController.swift */; };
		EBDB1E1324589B64009316FC /* NewEventView.xib in Resources */ = {isa = PBXBuildFile; fileRef = EBDB1E1124589B64009316FC /* NewEventView.xib */; };
		EBDB1E162458C198009316FC /* LocationViewController.swift in Sources */ = {isa = PBXBuildFile; fileRef = EBDB1E142458C198009316FC /* LocationViewController.swift */; };
		EBDB1E172458C198009316FC /* LocationView.xib in Resources */ = {isa = PBXBuildFile; fileRef = EBDB1E152458C198009316FC /* LocationView.xib */; };
		EBE681B82454919400CB9285 /* Global.swift in Sources */ = {isa = PBXBuildFile; fileRef = EBE681B72454919400CB9285 /* Global.swift */; };
		EBF87440242F81330056623E /* AppDelegate.swift in Sources */ = {isa = PBXBuildFile; fileRef = EBF8743F242F81330056623E /* AppDelegate.swift */; };
		EBF87442242F81330056623E /* SceneDelegate.swift in Sources */ = {isa = PBXBuildFile; fileRef = EBF87441242F81330056623E /* SceneDelegate.swift */; };
		EBF87444242F81330056623E /* FeedViewController.swift in Sources */ = {isa = PBXBuildFile; fileRef = EBF87443242F81330056623E /* FeedViewController.swift */; };
		EBF87449242F81370056623E /* Assets.xcassets in Resources */ = {isa = PBXBuildFile; fileRef = EBF87448242F81370056623E /* Assets.xcassets */; };
		EBF8744C242F81370056623E /* LaunchScreen.storyboard in Resources */ = {isa = PBXBuildFile; fileRef = EBF8744A242F81370056623E /* LaunchScreen.storyboard */; };
		EBF87454242F830D0056623E /* FeedView.xib in Resources */ = {isa = PBXBuildFile; fileRef = EBF87453242F830D0056623E /* FeedView.xib */; };
		EBF87457242F84FA0056623E /* AuthViewController.swift in Sources */ = {isa = PBXBuildFile; fileRef = EBF87455242F84FA0056623E /* AuthViewController.swift */; };
		EBF87458242F84FA0056623E /* AuthView.xib in Resources */ = {isa = PBXBuildFile; fileRef = EBF87456242F84FA0056623E /* AuthView.xib */; };
		EBF8745B242F85B00056623E /* SignUpViewController.swift in Sources */ = {isa = PBXBuildFile; fileRef = EBF87459242F85B00056623E /* SignUpViewController.swift */; };
		EBF8745C242F85B00056623E /* SignUpView.xib in Resources */ = {isa = PBXBuildFile; fileRef = EBF8745A242F85B00056623E /* SignUpView.xib */; };
		EBFE6EC2247FE2AE00EE9B87 /* ChangeUserRequest.swift in Sources */ = {isa = PBXBuildFile; fileRef = EBFE6EC1247FE2AE00EE9B87 /* ChangeUserRequest.swift */; };
		EBFE6EC424801C3800EE9B87 /* ChangeTariffRequest.swift in Sources */ = {isa = PBXBuildFile; fileRef = EBFE6EC324801C3800EE9B87 /* ChangeTariffRequest.swift */; };
/* End PBXBuildFile section */

/* Begin PBXFileReference section */
		EB06F37524332D810018605E /* ConferenceCell.swift */ = {isa = PBXFileReference; lastKnownFileType = sourcecode.swift; path = ConferenceCell.swift; sourceTree = "<group>"; };
		EB06F37624332D810018605E /* ConferenceCell.xib */ = {isa = PBXFileReference; lastKnownFileType = file.xib; path = ConferenceCell.xib; sourceTree = "<group>"; };
		EB06F3792433309A0018605E /* Section.swift */ = {isa = PBXFileReference; lastKnownFileType = sourcecode.swift; path = Section.swift; sourceTree = "<group>"; };
		EB30813024515FE500EB7598 /* Login.swift */ = {isa = PBXFileReference; lastKnownFileType = sourcecode.swift; path = Login.swift; sourceTree = "<group>"; };
		EB3081322451604100EB7598 /* Event.swift */ = {isa = PBXFileReference; lastKnownFileType = sourcecode.swift; path = Event.swift; sourceTree = "<group>"; };
		EB3081342451608A00EB7598 /* Role.swift */ = {isa = PBXFileReference; lastKnownFileType = sourcecode.swift; path = Role.swift; sourceTree = "<group>"; };
		EB3081372451631100EB7598 /* MessageResponse.swift */ = {isa = PBXFileReference; lastKnownFileType = sourcecode.swift; path = MessageResponse.swift; sourceTree = "<group>"; };
		EB3081392451689600EB7598 /* EventsRequest.swift */ = {isa = PBXFileReference; lastKnownFileType = sourcecode.swift; path = EventsRequest.swift; sourceTree = "<group>"; };
		EB30813B245168A000EB7598 /* EventsParser.swift */ = {isa = PBXFileReference; lastKnownFileType = sourcecode.swift; path = EventsParser.swift; sourceTree = "<group>"; };
		EB30813F245172BC00EB7598 /* ConferenceParser.swift */ = {isa = PBXFileReference; lastKnownFileType = sourcecode.swift; path = ConferenceParser.swift; sourceTree = "<group>"; };
		EB3081412451735200EB7598 /* ConferenceRequest.swift */ = {isa = PBXFileReference; lastKnownFileType = sourcecode.swift; path = ConferenceRequest.swift; sourceTree = "<group>"; };
		EB3081432451742100EB7598 /* EventRequest.swift */ = {isa = PBXFileReference; lastKnownFileType = sourcecode.swift; path = EventRequest.swift; sourceTree = "<group>"; };
		EB3081452451742E00EB7598 /* EventParser.swift */ = {isa = PBXFileReference; lastKnownFileType = sourcecode.swift; path = EventParser.swift; sourceTree = "<group>"; };
		EB3081472451753000EB7598 /* ConferencesRequest.swift */ = {isa = PBXFileReference; lastKnownFileType = sourcecode.swift; path = ConferencesRequest.swift; sourceTree = "<group>"; };
		EB3081492451763B00EB7598 /* ConferencesParser.swift */ = {isa = PBXFileReference; lastKnownFileType = sourcecode.swift; path = ConferencesParser.swift; sourceTree = "<group>"; };
		EB30814B2451799700EB7598 /* UsersParser.swift */ = {isa = PBXFileReference; lastKnownFileType = sourcecode.swift; path = UsersParser.swift; sourceTree = "<group>"; };
		EB30814D245179A600EB7598 /* UsersRequest.swift */ = {isa = PBXFileReference; lastKnownFileType = sourcecode.swift; path = UsersRequest.swift; sourceTree = "<group>"; };
		EB30814F2451E7FE00EB7598 /* RegisterTicketRequest.swift */ = {isa = PBXFileReference; lastKnownFileType = sourcecode.swift; path = RegisterTicketRequest.swift; sourceTree = "<group>"; };
		EB3081512451EBD900EB7598 /* FavoriteEventRequest.swift */ = {isa = PBXFileReference; lastKnownFileType = sourcecode.swift; path = FavoriteEventRequest.swift; sourceTree = "<group>"; };
		EB3081532451EE8E00EB7598 /* UnfavoriteEventRequest.swift */ = {isa = PBXFileReference; lastKnownFileType = sourcecode.swift; path = UnfavoriteEventRequest.swift; sourceTree = "<group>"; };
		EB3081552451EF4800EB7598 /* Ticket.swift */ = {isa = PBXFileReference; lastKnownFileType = sourcecode.swift; path = Ticket.swift; sourceTree = "<group>"; };
		EB3081572451F05700EB7598 /* TicketRequest.swift */ = {isa = PBXFileReference; lastKnownFileType = sourcecode.swift; path = TicketRequest.swift; sourceTree = "<group>"; };
		EB3081592451F0AD00EB7598 /* TicketParser.swift */ = {isa = PBXFileReference; lastKnownFileType = sourcecode.swift; path = TicketParser.swift; sourceTree = "<group>"; };
		EB30815D2452E3C800EB7598 /* TabBarFactory.swift */ = {isa = PBXFileReference; lastKnownFileType = sourcecode.swift; path = TabBarFactory.swift; sourceTree = "<group>"; };
		EB3081602452E4B600EB7598 /* SearchViewController.swift */ = {isa = PBXFileReference; lastKnownFileType = sourcecode.swift; path = SearchViewController.swift; sourceTree = "<group>"; };
		EB3081612452E4B600EB7598 /* SearchView.xib */ = {isa = PBXFileReference; lastKnownFileType = file.xib; path = SearchView.xib; sourceTree = "<group>"; };
		EB3081642452E4DE00EB7598 /* FavoritesViewController.swift */ = {isa = PBXFileReference; lastKnownFileType = sourcecode.swift; path = FavoritesViewController.swift; sourceTree = "<group>"; };
		EB3081652452E4DE00EB7598 /* FavoritesView.xib */ = {isa = PBXFileReference; lastKnownFileType = file.xib; path = FavoritesView.xib; sourceTree = "<group>"; };
		EB3081682452E59600EB7598 /* TicketsViewController.swift */ = {isa = PBXFileReference; lastKnownFileType = sourcecode.swift; path = TicketsViewController.swift; sourceTree = "<group>"; };
		EB3081692452E59600EB7598 /* TicketsView.xib */ = {isa = PBXFileReference; lastKnownFileType = file.xib; path = TicketsView.xib; sourceTree = "<group>"; };
		EB30816D2452EBF800EB7598 /* SubtitleCell.swift */ = {isa = PBXFileReference; lastKnownFileType = sourcecode.swift; path = SubtitleCell.swift; sourceTree = "<group>"; };
		EB30816F2452EF2300EB7598 /* SearchItemType.swift */ = {isa = PBXFileReference; lastKnownFileType = sourcecode.swift; path = SearchItemType.swift; sourceTree = "<group>"; };
		EB32CD8C2461DC9000AC1FAB /* ScheduleViewController.swift */ = {isa = PBXFileReference; lastKnownFileType = sourcecode.swift; path = ScheduleViewController.swift; sourceTree = "<group>"; };
		EB32CD8D2461DC9000AC1FAB /* ScheduleView.xib */ = {isa = PBXFileReference; lastKnownFileType = file.xib; path = ScheduleView.xib; sourceTree = "<group>"; };
		EB32CD912461E26D00AC1FAB /* EventViewController.swift */ = {isa = PBXFileReference; lastKnownFileType = sourcecode.swift; path = EventViewController.swift; sourceTree = "<group>"; };
		EB32CD922461E26D00AC1FAB /* EventView.xib */ = {isa = PBXFileReference; lastKnownFileType = file.xib; path = EventView.xib; sourceTree = "<group>"; };
		EB3B31EF244D7A880023E930 /* Tariff.swift */ = {isa = PBXFileReference; lastKnownFileType = sourcecode.swift; path = Tariff.swift; sourceTree = "<group>"; };
		EB3B31F3244DA6510023E930 /* UserRequest.swift */ = {isa = PBXFileReference; lastKnownFileType = sourcecode.swift; path = UserRequest.swift; sourceTree = "<group>"; };
		EB3B31F5244DA6F50023E930 /* UserParser.swift */ = {isa = PBXFileReference; lastKnownFileType = sourcecode.swift; path = UserParser.swift; sourceTree = "<group>"; };
		EB3B31F824501A010023E930 /* OrganizerSignUpViewController.swift */ = {isa = PBXFileReference; lastKnownFileType = sourcecode.swift; path = OrganizerSignUpViewController.swift; sourceTree = "<group>"; };
		EB3B31F924501A010023E930 /* OrganizerSignUpView.xib */ = {isa = PBXFileReference; lastKnownFileType = file.xib; path = OrganizerSignUpView.xib; sourceTree = "<group>"; };
		EB3B31FC24509B300023E930 /* CreateConferenceRequest.swift */ = {isa = PBXFileReference; lastKnownFileType = sourcecode.swift; path = CreateConferenceRequest.swift; sourceTree = "<group>"; };
		EB3B31FE24509C110023E930 /* Conference.swift */ = {isa = PBXFileReference; lastKnownFileType = sourcecode.swift; path = Conference.swift; sourceTree = "<group>"; };
		EB3B320024509D130023E930 /* SuccessParser.swift */ = {isa = PBXFileReference; lastKnownFileType = sourcecode.swift; path = SuccessParser.swift; sourceTree = "<group>"; };
		EB3B320224509E3C0023E930 /* AddEventsRequest.swift */ = {isa = PBXFileReference; lastKnownFileType = sourcecode.swift; path = AddEventsRequest.swift; sourceTree = "<group>"; };
		EB3B320424509E4A0023E930 /* AddTariffsRequest.swift */ = {isa = PBXFileReference; lastKnownFileType = sourcecode.swift; path = AddTariffsRequest.swift; sourceTree = "<group>"; };
		EB549C0D2469D85700CD1951 /* StatisticsViewController.swift */ = {isa = PBXFileReference; lastKnownFileType = sourcecode.swift; path = StatisticsViewController.swift; sourceTree = "<group>"; };
		EB549C0E2469D85700CD1951 /* StatisticsView.xib */ = {isa = PBXFileReference; lastKnownFileType = file.xib; path = StatisticsView.xib; sourceTree = "<group>"; };
		EB5CE48D245379A40085E59B /* NewConferenceViewController.swift */ = {isa = PBXFileReference; lastKnownFileType = sourcecode.swift; path = NewConferenceViewController.swift; sourceTree = "<group>"; };
		EB5CE48E245379A40085E59B /* NewConferenceView.xib */ = {isa = PBXFileReference; lastKnownFileType = file.xib; path = NewConferenceView.xib; sourceTree = "<group>"; };
		EB5D02372474BC2700FE43B2 /* ChangeConferenceRequest.swift */ = {isa = PBXFileReference; lastKnownFileType = sourcecode.swift; path = ChangeConferenceRequest.swift; sourceTree = "<group>"; };
		EB5D02412477BB5100FE43B2 /* ImagePicker.swift */ = {isa = PBXFileReference; lastKnownFileType = sourcecode.swift; path = ImagePicker.swift; sourceTree = "<group>"; };
		EB5D02432477CAEB00FE43B2 /* Event.pkpass */ = {isa = PBXFileReference; lastKnownFileType = file; path = Event.pkpass; sourceTree = "<group>"; };
		EB67D779244C8B5C00E66B3C /* CategoriesViewController.swift */ = {isa = PBXFileReference; lastKnownFileType = sourcecode.swift; path = CategoriesViewController.swift; sourceTree = "<group>"; };
		EB67D77A244C8B5C00E66B3C /* CategoriesView.xib */ = {isa = PBXFileReference; lastKnownFileType = file.xib; path = CategoriesView.xib; sourceTree = "<group>"; };
		EB67D782244D756100E66B3C /* Category.swift */ = {isa = PBXFileReference; lastKnownFileType = sourcecode.swift; path = Category.swift; sourceTree = "<group>"; };
		EB6E6AFA246BB6E000F1077F /* TariffsViewController.swift */ = {isa = PBXFileReference; lastKnownFileType = sourcecode.swift; path = TariffsViewController.swift; sourceTree = "<group>"; };
		EB6E6AFB246BB6E000F1077F /* TariffsView.xib */ = {isa = PBXFileReference; lastKnownFileType = file.xib; path = TariffsView.xib; sourceTree = "<group>"; };
		EB6F38A52464C83800BDEBCE /* TicketViewController.swift */ = {isa = PBXFileReference; lastKnownFileType = sourcecode.swift; path = TicketViewController.swift; sourceTree = "<group>"; };
		EB6F38A62464C83800BDEBCE /* TicketView.xib */ = {isa = PBXFileReference; lastKnownFileType = file.xib; path = TicketView.xib; sourceTree = "<group>"; };
		EB78FE40245CA1C5002DE6FC /* PurchaseViewController.swift */ = {isa = PBXFileReference; lastKnownFileType = sourcecode.swift; path = PurchaseViewController.swift; sourceTree = "<group>"; };
		EB78FE41245CA1C5002DE6FC /* PurchaseView.xib */ = {isa = PBXFileReference; lastKnownFileType = file.xib; path = PurchaseView.xib; sourceTree = "<group>"; };
		EB8309B7246AF9A100A6D47E /* StatisticsCell.swift */ = {isa = PBXFileReference; lastKnownFileType = sourcecode.swift; path = StatisticsCell.swift; sourceTree = "<group>"; };
		EB8309B8246AF9A100A6D47E /* StatisticsCell.xib */ = {isa = PBXFileReference; lastKnownFileType = file.xib; path = StatisticsCell.xib; sourceTree = "<group>"; };
		EB8309BB246AFEBA00A6D47E /* TariffDataViewController.swift */ = {isa = PBXFileReference; lastKnownFileType = sourcecode.swift; path = TariffDataViewController.swift; sourceTree = "<group>"; };
		EB8309BC246AFEBA00A6D47E /* TariffDataView.xib */ = {isa = PBXFileReference; lastKnownFileType = file.xib; path = TariffDataView.xib; sourceTree = "<group>"; };
		EB9978122430925800DD5663 /* BigButton.swift */ = {isa = PBXFileReference; lastKnownFileType = sourcecode.swift; path = BigButton.swift; sourceTree = "<group>"; };
		EB9978172430995B00DD5663 /* FormHelper.swift */ = {isa = PBXFileReference; lastKnownFileType = sourcecode.swift; path = FormHelper.swift; sourceTree = "<group>"; };
		EB99781B24320A4200DD5663 /* UserDefaultsService.swift */ = {isa = PBXFileReference; lastKnownFileType = sourcecode.swift; path = UserDefaultsService.swift; sourceTree = "<group>"; };
		EB99781E2432890300DD5663 /* AccountViewController.swift */ = {isa = PBXFileReference; lastKnownFileType = sourcecode.swift; path = AccountViewController.swift; sourceTree = "<group>"; };
		EB99781F2432890300DD5663 /* AccountView.xib */ = {isa = PBXFileReference; lastKnownFileType = file.xib; path = AccountView.xib; sourceTree = "<group>"; };
		EBA3F1E7246B830B0065A28B /* BaseDeleteRequest.swift */ = {isa = PBXFileReference; lastKnownFileType = sourcecode.swift; path = BaseDeleteRequest.swift; sourceTree = "<group>"; };
		EBA3F1E9246B85AE0065A28B /* DeleteEventRequest.swift */ = {isa = PBXFileReference; lastKnownFileType = sourcecode.swift; path = DeleteEventRequest.swift; sourceTree = "<group>"; };
		EBA3F1EB246B86280065A28B /* DeleteConferenceRequest.swift */ = {isa = PBXFileReference; lastKnownFileType = sourcecode.swift; path = DeleteConferenceRequest.swift; sourceTree = "<group>"; };
		EBA3F1ED246B87260065A28B /* DeleteTariffRequest.swift */ = {isa = PBXFileReference; lastKnownFileType = sourcecode.swift; path = DeleteTariffRequest.swift; sourceTree = "<group>"; };
		EBA3F1EF246B8C9B0065A28B /* Eventpad.entitlements */ = {isa = PBXFileReference; lastKnownFileType = text.plist.entitlements; path = Eventpad.entitlements; sourceTree = "<group>"; };
		EBA3F1F0246B91030065A28B /* SendPushNotificationRequest.swift */ = {isa = PBXFileReference; lastKnownFileType = sourcecode.swift; path = SendPushNotificationRequest.swift; sourceTree = "<group>"; };
		EBA3F1F2246B91B80065A28B /* PushNotification.swift */ = {isa = PBXFileReference; lastKnownFileType = sourcecode.swift; path = PushNotification.swift; sourceTree = "<group>"; };
		EBB3222C2448427F00942A2B /* RequestFactory.swift */ = {isa = PBXFileReference; lastKnownFileType = sourcecode.swift; path = RequestFactory.swift; sourceTree = "<group>"; };
		EBB3222E2448431100942A2B /* RequestSender.swift */ = {isa = PBXFileReference; lastKnownFileType = sourcecode.swift; path = RequestSender.swift; sourceTree = "<group>"; };
		EBB32230244843DB00942A2B /* BaseGetRequest.swift */ = {isa = PBXFileReference; lastKnownFileType = sourcecode.swift; path = BaseGetRequest.swift; sourceTree = "<group>"; };
		EBB32232244843FA00942A2B /* BasePostRequest.swift */ = {isa = PBXFileReference; lastKnownFileType = sourcecode.swift; path = BasePostRequest.swift; sourceTree = "<group>"; };
		EBB322342448441900942A2B /* RequestConfig.swift */ = {isa = PBXFileReference; lastKnownFileType = sourcecode.swift; path = RequestConfig.swift; sourceTree = "<group>"; };
		EBB322362448466400942A2B /* HttpStatusCode.swift */ = {isa = PBXFileReference; lastKnownFileType = sourcecode.swift; path = HttpStatusCode.swift; sourceTree = "<group>"; };
		EBB32238244846A800942A2B /* Error.swift */ = {isa = PBXFileReference; lastKnownFileType = sourcecode.swift; path = Error.swift; sourceTree = "<group>"; };
		EBB3223A24486A5100942A2B /* MessageParser.swift */ = {isa = PBXFileReference; lastKnownFileType = sourcecode.swift; path = MessageParser.swift; sourceTree = "<group>"; };
		EBB3223E24486AEC00942A2B /* SignUpRequest.swift */ = {isa = PBXFileReference; lastKnownFileType = sourcecode.swift; path = SignUpRequest.swift; sourceTree = "<group>"; };
		EBB3224024486AF500942A2B /* LoginRequest.swift */ = {isa = PBXFileReference; lastKnownFileType = sourcecode.swift; path = LoginRequest.swift; sourceTree = "<group>"; };
		EBB3224324486D9300942A2B /* SuccessResponse.swift */ = {isa = PBXFileReference; lastKnownFileType = sourcecode.swift; path = SuccessResponse.swift; sourceTree = "<group>"; };
		EBB3224524486F3F00942A2B /* SignUp.swift */ = {isa = PBXFileReference; lastKnownFileType = sourcecode.swift; path = SignUp.swift; sourceTree = "<group>"; };
		EBB3224724498E8C00942A2B /* AlertService.swift */ = {isa = PBXFileReference; lastKnownFileType = sourcecode.swift; path = AlertService.swift; sourceTree = "<group>"; };
		EBB32249244B6E0400942A2B /* User.swift */ = {isa = PBXFileReference; lastKnownFileType = sourcecode.swift; path = User.swift; sourceTree = "<group>"; };
		EBCD8EE124672C5000DBDD62 /* EventsViewController.swift */ = {isa = PBXFileReference; lastKnownFileType = sourcecode.swift; path = EventsViewController.swift; sourceTree = "<group>"; };
		EBCD8EE224672C5000DBDD62 /* EventsView.xib */ = {isa = PBXFileReference; lastKnownFileType = file.xib; path = EventsView.xib; sourceTree = "<group>"; };
		EBCD8EE524674F3500DBDD62 /* ScannerViewController.swift */ = {isa = PBXFileReference; lastKnownFileType = sourcecode.swift; path = ScannerViewController.swift; sourceTree = "<group>"; };
		EBD451BC2435F9D800F6A4C2 /* ConferenceViewController.swift */ = {isa = PBXFileReference; lastKnownFileType = sourcecode.swift; path = ConferenceViewController.swift; sourceTree = "<group>"; };
		EBD451BD2435F9D800F6A4C2 /* ConferenceView.xib */ = {isa = PBXFileReference; lastKnownFileType = file.xib; path = ConferenceView.xib; sourceTree = "<group>"; };
		EBDB1E08245750BE009316FC /* MyConferencesViewController.swift */ = {isa = PBXFileReference; lastKnownFileType = sourcecode.swift; path = MyConferencesViewController.swift; sourceTree = "<group>"; };
		EBDB1E09245750BE009316FC /* MyConferencesView.xib */ = {isa = PBXFileReference; lastKnownFileType = file.xib; path = MyConferencesView.xib; sourceTree = "<group>"; };
		EBDB1E0C24589AA8009316FC /* NewTariffViewController.swift */ = {isa = PBXFileReference; lastKnownFileType = sourcecode.swift; path = NewTariffViewController.swift; sourceTree = "<group>"; };
		EBDB1E0D24589AA8009316FC /* NewTariffView.xib */ = {isa = PBXFileReference; lastKnownFileType = file.xib; path = NewTariffView.xib; sourceTree = "<group>"; };
		EBDB1E1024589B64009316FC /* NewEventViewController.swift */ = {isa = PBXFileReference; lastKnownFileType = sourcecode.swift; path = NewEventViewController.swift; sourceTree = "<group>"; };
		EBDB1E1124589B64009316FC /* NewEventView.xib */ = {isa = PBXFileReference; lastKnownFileType = file.xib; path = NewEventView.xib; sourceTree = "<group>"; };
		EBDB1E142458C198009316FC /* LocationViewController.swift */ = {isa = PBXFileReference; lastKnownFileType = sourcecode.swift; path = LocationViewController.swift; sourceTree = "<group>"; };
		EBDB1E152458C198009316FC /* LocationView.xib */ = {isa = PBXFileReference; lastKnownFileType = file.xib; path = LocationView.xib; sourceTree = "<group>"; };
		EBE681B72454919400CB9285 /* Global.swift */ = {isa = PBXFileReference; lastKnownFileType = sourcecode.swift; path = Global.swift; sourceTree = "<group>"; };
		EBF8743C242F81330056623E /* Eventpad.app */ = {isa = PBXFileReference; explicitFileType = wrapper.application; includeInIndex = 0; path = Eventpad.app; sourceTree = BUILT_PRODUCTS_DIR; };
		EBF8743F242F81330056623E /* AppDelegate.swift */ = {isa = PBXFileReference; lastKnownFileType = sourcecode.swift; path = AppDelegate.swift; sourceTree = "<group>"; };
		EBF87441242F81330056623E /* SceneDelegate.swift */ = {isa = PBXFileReference; lastKnownFileType = sourcecode.swift; path = SceneDelegate.swift; sourceTree = "<group>"; };
		EBF87443242F81330056623E /* FeedViewController.swift */ = {isa = PBXFileReference; lastKnownFileType = sourcecode.swift; path = FeedViewController.swift; sourceTree = "<group>"; };
		EBF87448242F81370056623E /* Assets.xcassets */ = {isa = PBXFileReference; lastKnownFileType = folder.assetcatalog; path = Assets.xcassets; sourceTree = "<group>"; };
		EBF8744B242F81370056623E /* Base */ = {isa = PBXFileReference; lastKnownFileType = file.storyboard; name = Base; path = Base.lproj/LaunchScreen.storyboard; sourceTree = "<group>"; };
		EBF8744D242F81370056623E /* Info.plist */ = {isa = PBXFileReference; lastKnownFileType = text.plist.xml; path = Info.plist; sourceTree = "<group>"; };
		EBF87453242F830D0056623E /* FeedView.xib */ = {isa = PBXFileReference; lastKnownFileType = file.xib; path = FeedView.xib; sourceTree = "<group>"; };
		EBF87455242F84FA0056623E /* AuthViewController.swift */ = {isa = PBXFileReference; lastKnownFileType = sourcecode.swift; path = AuthViewController.swift; sourceTree = "<group>"; };
		EBF87456242F84FA0056623E /* AuthView.xib */ = {isa = PBXFileReference; lastKnownFileType = file.xib; path = AuthView.xib; sourceTree = "<group>"; };
		EBF87459242F85B00056623E /* SignUpViewController.swift */ = {isa = PBXFileReference; lastKnownFileType = sourcecode.swift; path = SignUpViewController.swift; sourceTree = "<group>"; };
		EBF8745A242F85B00056623E /* SignUpView.xib */ = {isa = PBXFileReference; lastKnownFileType = file.xib; path = SignUpView.xib; sourceTree = "<group>"; };
		EBFE6EC1247FE2AE00EE9B87 /* ChangeUserRequest.swift */ = {isa = PBXFileReference; lastKnownFileType = sourcecode.swift; path = ChangeUserRequest.swift; sourceTree = "<group>"; };
		EBFE6EC324801C3800EE9B87 /* ChangeTariffRequest.swift */ = {isa = PBXFileReference; lastKnownFileType = sourcecode.swift; path = ChangeTariffRequest.swift; sourceTree = "<group>"; };
/* End PBXFileReference section */

/* Begin PBXFrameworksBuildPhase section */
		EBF87439242F81330056623E /* Frameworks */ = {
			isa = PBXFrameworksBuildPhase;
			buildActionMask = 2147483647;
			files = (
				EB5D023E2474FA9600FE43B2 /* Kingfisher in Frameworks */,
				EB997816243096BB00DD5663 /* KeyboardAdjuster in Frameworks */,
			);
			runOnlyForDeploymentPostprocessing = 0;
		};
/* End PBXFrameworksBuildPhase section */

/* Begin PBXGroup section */
		EB30815B2451F23400EB7598 /* Credentials */ = {
			isa = PBXGroup;
			children = (
				EB99781F2432890300DD5663 /* AccountView.xib */,
				EB99781E2432890300DD5663 /* AccountViewController.swift */,
				EBF87456242F84FA0056623E /* AuthView.xib */,
				EBF87455242F84FA0056623E /* AuthViewController.swift */,
				EBF8745A242F85B00056623E /* SignUpView.xib */,
				EBF87459242F85B00056623E /* SignUpViewController.swift */,
			);
			path = Credentials;
			sourceTree = "<group>";
		};
		EB30815C2452B6EB00EB7598 /* Services */ = {
			isa = PBXGroup;
			children = (
				EBB3224724498E8C00942A2B /* AlertService.swift */,
				EB99781B24320A4200DD5663 /* UserDefaultsService.swift */,
			);
			path = Services;
			sourceTree = "<group>";
		};
		EB32CD8B2461DC2000AC1FAB /* Tariff */ = {
			isa = PBXGroup;
			children = (
				EBDB1E0D24589AA8009316FC /* NewTariffView.xib */,
				EBDB1E0C24589AA8009316FC /* NewTariffViewController.swift */,
				EB6E6AFB246BB6E000F1077F /* TariffsView.xib */,
				EB6E6AFA246BB6E000F1077F /* TariffsViewController.swift */,
				EB6F38A62464C83800BDEBCE /* TicketView.xib */,
				EB6F38A52464C83800BDEBCE /* TicketViewController.swift */,
				EB3081692452E59600EB7598 /* TicketsView.xib */,
				EB3081682452E59600EB7598 /* TicketsViewController.swift */,
			);
			path = Tariff;
			sourceTree = "<group>";
		};
		EB32CD902461E1B800AC1FAB /* Event */ = {
			isa = PBXGroup;
			children = (
				EB32CD922461E26D00AC1FAB /* EventView.xib */,
				EB32CD912461E26D00AC1FAB /* EventViewController.swift */,
				EBCD8EE224672C5000DBDD62 /* EventsView.xib */,
				EBCD8EE124672C5000DBDD62 /* EventsViewController.swift */,
				EB3081652452E4DE00EB7598 /* FavoritesView.xib */,
				EB3081642452E4DE00EB7598 /* FavoritesViewController.swift */,
				EBDB1E1124589B64009316FC /* NewEventView.xib */,
				EBDB1E1024589B64009316FC /* NewEventViewController.swift */,
				EB32CD8D2461DC9000AC1FAB /* ScheduleView.xib */,
				EB32CD8C2461DC9000AC1FAB /* ScheduleViewController.swift */,
			);
			path = Event;
			sourceTree = "<group>";
		};
		EB3B31F7244DA6F80023E930 /* Base */ = {
			isa = PBXGroup;
			children = (
				EBA3F1E7246B830B0065A28B /* BaseDeleteRequest.swift */,
				EBB32230244843DB00942A2B /* BaseGetRequest.swift */,
				EBB32232244843FA00942A2B /* BasePostRequest.swift */,
			);
			path = Base;
			sourceTree = "<group>";
		};
		EB549C112469D8F300CD1951 /* Common */ = {
			isa = PBXGroup;
			children = (
				EBCD8EE524674F3500DBDD62 /* ScannerViewController.swift */,
				EB3081612452E4B600EB7598 /* SearchView.xib */,
				EB3081602452E4B600EB7598 /* SearchViewController.swift */,
				EB8309B7246AF9A100A6D47E /* StatisticsCell.swift */,
				EB8309B8246AF9A100A6D47E /* StatisticsCell.xib */,
				EB549C0E2469D85700CD1951 /* StatisticsView.xib */,
				EB549C0D2469D85700CD1951 /* StatisticsViewController.swift */,
				EB8309BC246AFEBA00A6D47E /* TariffDataView.xib */,
				EB8309BB246AFEBA00A6D47E /* TariffDataViewController.swift */,
			);
			path = Common;
			sourceTree = "<group>";
		};
		EB549C122469D92200CD1951 /* Legacy */ = {
			isa = PBXGroup;
			children = (
				EB3B31F924501A010023E930 /* OrganizerSignUpView.xib */,
				EB3B31F824501A010023E930 /* OrganizerSignUpViewController.swift */,
			);
			path = Legacy;
			sourceTree = "<group>";
		};
		EB67D77F244D73EF00E66B3C /* Feed */ = {
			isa = PBXGroup;
			children = (
				EB67D77A244C8B5C00E66B3C /* CategoriesView.xib */,
				EB67D779244C8B5C00E66B3C /* CategoriesViewController.swift */,
				EBF87453242F830D0056623E /* FeedView.xib */,
				EBF87443242F81330056623E /* FeedViewController.swift */,
				EBDB1E152458C198009316FC /* LocationView.xib */,
				EBDB1E142458C198009316FC /* LocationViewController.swift */,
			);
			path = Feed;
			sourceTree = "<group>";
		};
		EB99781D243244A400DD5663 /* Views */ = {
			isa = PBXGroup;
			children = (
				EB549C112469D8F300CD1951 /* Common */,
				EBD201102461D42E009D539F /* Conference */,
				EB30815B2451F23400EB7598 /* Credentials */,
				EB32CD902461E1B800AC1FAB /* Event */,
				EB67D77F244D73EF00E66B3C /* Feed */,
				EB549C122469D92200CD1951 /* Legacy */,
				EB32CD8B2461DC2000AC1FAB /* Tariff */,
				EB9978122430925800DD5663 /* BigButton.swift */,
				EB9978172430995B00DD5663 /* FormHelper.swift */,
				EB06F3792433309A0018605E /* Section.swift */,
				EB30816D2452EBF800EB7598 /* SubtitleCell.swift */,
				EB30815D2452E3C800EB7598 /* TabBarFactory.swift */,
			);
			path = Views;
			sourceTree = "<group>";
		};
		EBA2AF6F2442668A00AF59EE /* Network */ = {
			isa = PBXGroup;
			children = (
				EBB3222A244841FE00942A2B /* Parsers */,
				EBB3222B2448420700942A2B /* Requests */,
				EBB32238244846A800942A2B /* Error.swift */,
				EBB322362448466400942A2B /* HttpStatusCode.swift */,
				EBB322342448441900942A2B /* RequestConfig.swift */,
				EBB3222C2448427F00942A2B /* RequestFactory.swift */,
				EBB3222E2448431100942A2B /* RequestSender.swift */,
			);
			path = Network;
			sourceTree = "<group>";
		};
		EBB3222A244841FE00942A2B /* Parsers */ = {
			isa = PBXGroup;
			children = (
				EB30813F245172BC00EB7598 /* ConferenceParser.swift */,
				EB3081492451763B00EB7598 /* ConferencesParser.swift */,
				EB3081452451742E00EB7598 /* EventParser.swift */,
				EB30813B245168A000EB7598 /* EventsParser.swift */,
				EBB3223A24486A5100942A2B /* MessageParser.swift */,
				EB3B320024509D130023E930 /* SuccessParser.swift */,
				EB3081592451F0AD00EB7598 /* TicketParser.swift */,
				EB3B31F5244DA6F50023E930 /* UserParser.swift */,
				EB30814B2451799700EB7598 /* UsersParser.swift */,
			);
			path = Parsers;
			sourceTree = "<group>";
		};
		EBB3222B2448420700942A2B /* Requests */ = {
			isa = PBXGroup;
			children = (
				EB3B31F7244DA6F80023E930 /* Base */,
				EB3B320224509E3C0023E930 /* AddEventsRequest.swift */,
				EB3B320424509E4A0023E930 /* AddTariffsRequest.swift */,
				EB5D02372474BC2700FE43B2 /* ChangeConferenceRequest.swift */,
				EB3081412451735200EB7598 /* ConferenceRequest.swift */,
				EB3081472451753000EB7598 /* ConferencesRequest.swift */,
				EB3B31FC24509B300023E930 /* CreateConferenceRequest.swift */,
				EBA3F1EB246B86280065A28B /* DeleteConferenceRequest.swift */,
				EBA3F1E9246B85AE0065A28B /* DeleteEventRequest.swift */,
				EBA3F1ED246B87260065A28B /* DeleteTariffRequest.swift */,
				EB3081432451742100EB7598 /* EventRequest.swift */,
				EB3081392451689600EB7598 /* EventsRequest.swift */,
				EB3081512451EBD900EB7598 /* FavoriteEventRequest.swift */,
				EBB3224024486AF500942A2B /* LoginRequest.swift */,
				EB30814F2451E7FE00EB7598 /* RegisterTicketRequest.swift */,
				EBA3F1F0246B91030065A28B /* SendPushNotificationRequest.swift */,
				EBB3223E24486AEC00942A2B /* SignUpRequest.swift */,
				EB3081572451F05700EB7598 /* TicketRequest.swift */,
				EB3081532451EE8E00EB7598 /* UnfavoriteEventRequest.swift */,
				EB3B31F3244DA6510023E930 /* UserRequest.swift */,
				EB30814D245179A600EB7598 /* UsersRequest.swift */,
				EBFE6EC1247FE2AE00EE9B87 /* ChangeUserRequest.swift */,
				EBFE6EC324801C3800EE9B87 /* ChangeTariffRequest.swift */,
			);
			path = Requests;
			sourceTree = "<group>";
		};
		EBB3224224486D8C00942A2B /* Models */ = {
			isa = PBXGroup;
			children = (
				EB67D782244D756100E66B3C /* Category.swift */,
				EB3B31FE24509C110023E930 /* Conference.swift */,
				EB3081322451604100EB7598 /* Event.swift */,
				EB30813024515FE500EB7598 /* Login.swift */,
				EB3081372451631100EB7598 /* MessageResponse.swift */,
				EBA3F1F2246B91B80065A28B /* PushNotification.swift */,
				EB3081342451608A00EB7598 /* Role.swift */,
				EB30816F2452EF2300EB7598 /* SearchItemType.swift */,
				EBB3224524486F3F00942A2B /* SignUp.swift */,
				EBB3224324486D9300942A2B /* SuccessResponse.swift */,
				EB3B31EF244D7A880023E930 /* Tariff.swift */,
				EB3081552451EF4800EB7598 /* Ticket.swift */,
				EBB32249244B6E0400942A2B /* User.swift */,
			);
			path = Models;
			sourceTree = "<group>";
		};
		EBD201102461D42E009D539F /* Conference */ = {
			isa = PBXGroup;
			children = (
				EB06F37524332D810018605E /* ConferenceCell.swift */,
				EB06F37624332D810018605E /* ConferenceCell.xib */,
				EBD451BD2435F9D800F6A4C2 /* ConferenceView.xib */,
				EBD451BC2435F9D800F6A4C2 /* ConferenceViewController.swift */,
				EBDB1E09245750BE009316FC /* MyConferencesView.xib */,
				EBDB1E08245750BE009316FC /* MyConferencesViewController.swift */,
				EB5CE48E245379A40085E59B /* NewConferenceView.xib */,
				EB5CE48D245379A40085E59B /* NewConferenceViewController.swift */,
				EB78FE41245CA1C5002DE6FC /* PurchaseView.xib */,
				EB78FE40245CA1C5002DE6FC /* PurchaseViewController.swift */,
			);
			path = Conference;
			sourceTree = "<group>";
		};
		EBF87433242F81330056623E = {
			isa = PBXGroup;
			children = (
				EBF8743E242F81330056623E /* Eventpad */,
				EBF8743D242F81330056623E /* Products */,
			);
			sourceTree = "<group>";
		};
		EBF8743D242F81330056623E /* Products */ = {
			isa = PBXGroup;
			children = (
				EBF8743C242F81330056623E /* Eventpad.app */,
			);
			name = Products;
			sourceTree = "<group>";
		};
		EBF8743E242F81330056623E /* Eventpad */ = {
			isa = PBXGroup;
			children = (
				EBB3224224486D8C00942A2B /* Models */,
				EBA2AF6F2442668A00AF59EE /* Network */,
				EB30815C2452B6EB00EB7598 /* Services */,
				EB99781D243244A400DD5663 /* Views */,
				EBF8743F242F81330056623E /* AppDelegate.swift */,
				EBF87448242F81370056623E /* Assets.xcassets */,
				EB5D02432477CAEB00FE43B2 /* Event.pkpass */,
				EBA3F1EF246B8C9B0065A28B /* Eventpad.entitlements */,
				EBE681B72454919400CB9285 /* Global.swift */,
				EB5D02412477BB5100FE43B2 /* ImagePicker.swift */,
				EBF8744D242F81370056623E /* Info.plist */,
				EBF8744A242F81370056623E /* LaunchScreen.storyboard */,
				EBF87441242F81330056623E /* SceneDelegate.swift */,
			);
			path = Eventpad;
			sourceTree = "<group>";
		};
/* End PBXGroup section */

/* Begin PBXNativeTarget section */
		EBF8743B242F81330056623E /* Eventpad */ = {
			isa = PBXNativeTarget;
			buildConfigurationList = EBF87450242F81370056623E /* Build configuration list for PBXNativeTarget "Eventpad" */;
			buildPhases = (
				EBF87438242F81330056623E /* Sources */,
				EBF87439242F81330056623E /* Frameworks */,
				EBF8743A242F81330056623E /* Resources */,
			);
			buildRules = (
			);
			dependencies = (
			);
			name = Eventpad;
			packageProductDependencies = (
				EB997815243096BB00DD5663 /* KeyboardAdjuster */,
				EB5D023D2474FA9600FE43B2 /* Kingfisher */,
			);
			productName = Eventpad;
			productReference = EBF8743C242F81330056623E /* Eventpad.app */;
			productType = "com.apple.product-type.application";
		};
/* End PBXNativeTarget section */

/* Begin PBXProject section */
		EBF87434242F81330056623E /* Project object */ = {
			isa = PBXProject;
			attributes = {
				LastSwiftUpdateCheck = 1140;
				LastUpgradeCheck = 1140;
				ORGANIZATIONNAME = "Oleg Samoylov";
				TargetAttributes = {
					EBF8743B242F81330056623E = {
						CreatedOnToolsVersion = 11.4;
					};
				};
			};
			buildConfigurationList = EBF87437242F81330056623E /* Build configuration list for PBXProject "Eventpad" */;
			compatibilityVersion = "Xcode 9.3";
			developmentRegion = en;
			hasScannedForEncodings = 0;
			knownRegions = (
				en,
				Base,
			);
			mainGroup = EBF87433242F81330056623E;
			packageReferences = (
				EB997814243096BB00DD5663 /* XCRemoteSwiftPackageReference "KeyboardAdjuster" */,
				EB5D023C2474FA9600FE43B2 /* XCRemoteSwiftPackageReference "Kingfisher" */,
			);
			productRefGroup = EBF8743D242F81330056623E /* Products */;
			projectDirPath = "";
			projectRoot = "";
			targets = (
				EBF8743B242F81330056623E /* Eventpad */,
			);
		};
/* End PBXProject section */

/* Begin PBXResourcesBuildPhase section */
		EBF8743A242F81330056623E /* Resources */ = {
			isa = PBXResourcesBuildPhase;
			buildActionMask = 2147483647;
			files = (
				EBF8745C242F85B00056623E /* SignUpView.xib in Resources */,
				EBDB1E0F24589AA8009316FC /* NewTariffView.xib in Resources */,
				EBF87458242F84FA0056623E /* AuthView.xib in Resources */,
				EB6E6AFD246BB6E000F1077F /* TariffsView.xib in Resources */,
				EB67D77C244C8B5C00E66B3C /* CategoriesView.xib in Resources */,
				EB8309BE246AFEBA00A6D47E /* TariffDataView.xib in Resources */,
				EBD451BF2435F9D800F6A4C2 /* ConferenceView.xib in Resources */,
				EB3B31FB24501A010023E930 /* OrganizerSignUpView.xib in Resources */,
				EBF87454242F830D0056623E /* FeedView.xib in Resources */,
				EB8309BA246AF9A100A6D47E /* StatisticsCell.xib in Resources */,
				EB5D02442477CAEB00FE43B2 /* Event.pkpass in Resources */,
				EB32CD8F2461DC9000AC1FAB /* ScheduleView.xib in Resources */,
				EB6F38A82464C83800BDEBCE /* TicketView.xib in Resources */,
				EBDB1E172458C198009316FC /* LocationView.xib in Resources */,
				EB78FE43245CA1C5002DE6FC /* PurchaseView.xib in Resources */,
				EBF8744C242F81370056623E /* LaunchScreen.storyboard in Resources */,
				EB30816B2452E59600EB7598 /* TicketsView.xib in Resources */,
				EB3081632452E4B600EB7598 /* SearchView.xib in Resources */,
				EB5CE490245379A40085E59B /* NewConferenceView.xib in Resources */,
				EB549C102469D85700CD1951 /* StatisticsView.xib in Resources */,
				EB9978212432890300DD5663 /* AccountView.xib in Resources */,
				EBF87449242F81370056623E /* Assets.xcassets in Resources */,
				EBDB1E1324589B64009316FC /* NewEventView.xib in Resources */,
				EB3081672452E4DE00EB7598 /* FavoritesView.xib in Resources */,
				EBCD8EE424672C5000DBDD62 /* EventsView.xib in Resources */,
				EBDB1E0B245750BE009316FC /* MyConferencesView.xib in Resources */,
				EB32CD942461E26E00AC1FAB /* EventView.xib in Resources */,
				EB06F37824332D810018605E /* ConferenceCell.xib in Resources */,
			);
			runOnlyForDeploymentPostprocessing = 0;
		};
/* End PBXResourcesBuildPhase section */

/* Begin PBXSourcesBuildPhase section */
		EBF87438242F81330056623E /* Sources */ = {
			isa = PBXSourcesBuildPhase;
			buildActionMask = 2147483647;
			files = (
				EBA3F1F3246B91B80065A28B /* PushNotification.swift in Sources */,
				EB3081332451604100EB7598 /* Event.swift in Sources */,
				EBB3224A244B6E0400942A2B /* User.swift in Sources */,
				EBF87457242F84FA0056623E /* AuthViewController.swift in Sources */,
				EB8309B9246AF9A100A6D47E /* StatisticsCell.swift in Sources */,
				EB32CD8E2461DC9000AC1FAB /* ScheduleViewController.swift in Sources */,
				EB308140245172BC00EB7598 /* ConferenceParser.swift in Sources */,
				EB8309BD246AFEBA00A6D47E /* TariffDataViewController.swift in Sources */,
				EB3B31FA24501A010023E930 /* OrganizerSignUpViewController.swift in Sources */,
				EBF87444242F81330056623E /* FeedViewController.swift in Sources */,
				EB3081352451608A00EB7598 /* Role.swift in Sources */,
				EBB3223B24486A5100942A2B /* MessageParser.swift in Sources */,
				EBB3222F2448431100942A2B /* RequestSender.swift in Sources */,
				EB06F37724332D810018605E /* ConferenceCell.swift in Sources */,
				EB3081582451F05700EB7598 /* TicketRequest.swift in Sources */,
				EB3B31FD24509B300023E930 /* CreateConferenceRequest.swift in Sources */,
				EBCD8EE624674F3500DBDD62 /* ScannerViewController.swift in Sources */,
				EBFE6EC424801C3800EE9B87 /* ChangeTariffRequest.swift in Sources */,
				EB30816E2452EBF800EB7598 /* SubtitleCell.swift in Sources */,
				EBA3F1EA246B85AE0065A28B /* DeleteEventRequest.swift in Sources */,
				EBDB1E0E24589AA8009316FC /* NewTariffViewController.swift in Sources */,
				EB30813C245168A000EB7598 /* EventsParser.swift in Sources */,
				EB30814E245179A600EB7598 /* UsersRequest.swift in Sources */,
				EBA3F1F1246B91030065A28B /* SendPushNotificationRequest.swift in Sources */,
				EBB3222D2448427F00942A2B /* RequestFactory.swift in Sources */,
				EBFE6EC2247FE2AE00EE9B87 /* ChangeUserRequest.swift in Sources */,
				EB3081702452EF2300EB7598 /* SearchItemType.swift in Sources */,
				EB3081422451735200EB7598 /* ConferenceRequest.swift in Sources */,
				EB9978132430925800DD5663 /* BigButton.swift in Sources */,
				EB5CE48F245379A40085E59B /* NewConferenceViewController.swift in Sources */,
				EB06F37A2433309A0018605E /* Section.swift in Sources */,
				EBB3224124486AF500942A2B /* LoginRequest.swift in Sources */,
				EBF87440242F81330056623E /* AppDelegate.swift in Sources */,
				EB3081562451EF4800EB7598 /* Ticket.swift in Sources */,
				EBDB1E1224589B64009316FC /* NewEventViewController.swift in Sources */,
				EB3081482451753000EB7598 /* ConferencesRequest.swift in Sources */,
				EB3081522451EBD900EB7598 /* FavoriteEventRequest.swift in Sources */,
				EB67D77B244C8B5C00E66B3C /* CategoriesViewController.swift in Sources */,
				EB3081542451EE8E00EB7598 /* UnfavoriteEventRequest.swift in Sources */,
				EB30813124515FE500EB7598 /* Login.swift in Sources */,
				EBD451BE2435F9D800F6A4C2 /* ConferenceViewController.swift in Sources */,
				EB9978182430995B00DD5663 /* FormHelper.swift in Sources */,
				EB3B31FF24509C110023E930 /* Conference.swift in Sources */,
				EBCD8EE324672C5000DBDD62 /* EventsViewController.swift in Sources */,
				EBA3F1EE246B87260065A28B /* DeleteTariffRequest.swift in Sources */,
				EBDB1E162458C198009316FC /* LocationViewController.swift in Sources */,
				EB78FE42245CA1C5002DE6FC /* PurchaseViewController.swift in Sources */,
				EB3081622452E4B600EB7598 /* SearchViewController.swift in Sources */,
				EBB32233244843FA00942A2B /* BasePostRequest.swift in Sources */,
				EBB3224624486F3F00942A2B /* SignUp.swift in Sources */,
				EB3B320124509D130023E930 /* SuccessParser.swift in Sources */,
				EB549C0F2469D85700CD1951 /* StatisticsViewController.swift in Sources */,
				EBB32231244843DB00942A2B /* BaseGetRequest.swift in Sources */,
				EB3081662452E4DE00EB7598 /* FavoritesViewController.swift in Sources */,
				EBDB1E0A245750BE009316FC /* MyConferencesViewController.swift in Sources */,
				EB99781C24320A4200DD5663 /* UserDefaultsService.swift in Sources */,
				EB30814A2451763B00EB7598 /* ConferencesParser.swift in Sources */,
				EBA3F1EC246B86280065A28B /* DeleteConferenceRequest.swift in Sources */,
				EB3081442451742100EB7598 /* EventRequest.swift in Sources */,
				EB9978202432890300DD5663 /* AccountViewController.swift in Sources */,
				EBF87442242F81330056623E /* SceneDelegate.swift in Sources */,
				EB30813A2451689600EB7598 /* EventsRequest.swift in Sources */,
				EB3B31F0244D7A880023E930 /* Tariff.swift in Sources */,
				EB3B320324509E3C0023E930 /* AddEventsRequest.swift in Sources */,
				EB30815E2452E3C800EB7598 /* TabBarFactory.swift in Sources */,
				EB3B31F4244DA6510023E930 /* UserRequest.swift in Sources */,
				EBA3F1E8246B830B0065A28B /* BaseDeleteRequest.swift in Sources */,
				EB5D02382474BC2700FE43B2 /* ChangeConferenceRequest.swift in Sources */,
				EB3B31F6244DA6F50023E930 /* UserParser.swift in Sources */,
				EB6F38A72464C83800BDEBCE /* TicketViewController.swift in Sources */,
				EBE681B82454919400CB9285 /* Global.swift in Sources */,
				EBB3224424486D9300942A2B /* SuccessResponse.swift in Sources */,
				EBB3224824498E8C00942A2B /* AlertService.swift in Sources */,
				EB3081502451E7FE00EB7598 /* RegisterTicketRequest.swift in Sources */,
				EBF8745B242F85B00056623E /* SignUpViewController.swift in Sources */,
				EBB322372448466400942A2B /* HttpStatusCode.swift in Sources */,
				EB30816A2452E59600EB7598 /* TicketsViewController.swift in Sources */,
				EB5D02422477BB5100FE43B2 /* ImagePicker.swift in Sources */,
				EB3B320524509E4A0023E930 /* AddTariffsRequest.swift in Sources */,
				EB30814C2451799700EB7598 /* UsersParser.swift in Sources */,
				EB32CD932461E26E00AC1FAB /* EventViewController.swift in Sources */,
				EB67D783244D756100E66B3C /* Category.swift in Sources */,
				EB3081462451742E00EB7598 /* EventParser.swift in Sources */,
				EBB3223F24486AEC00942A2B /* SignUpRequest.swift in Sources */,
				EBB322352448441900942A2B /* RequestConfig.swift in Sources */,
				EB3081382451631100EB7598 /* MessageResponse.swift in Sources */,
				EB6E6AFC246BB6E000F1077F /* TariffsViewController.swift in Sources */,
				EB30815A2451F0AD00EB7598 /* TicketParser.swift in Sources */,
				EBB32239244846A800942A2B /* Error.swift in Sources */,
			);
			runOnlyForDeploymentPostprocessing = 0;
		};
/* End PBXSourcesBuildPhase section */

/* Begin PBXVariantGroup section */
		EBF8744A242F81370056623E /* LaunchScreen.storyboard */ = {
			isa = PBXVariantGroup;
			children = (
				EBF8744B242F81370056623E /* Base */,
			);
			name = LaunchScreen.storyboard;
			path = .;
			sourceTree = "<group>";
		};
/* End PBXVariantGroup section */

/* Begin XCBuildConfiguration section */
		EBF8744E242F81370056623E /* Debug */ = {
			isa = XCBuildConfiguration;
			buildSettings = {
				ALWAYS_SEARCH_USER_PATHS = NO;
				CLANG_ANALYZER_NONNULL = YES;
				CLANG_ANALYZER_NUMBER_OBJECT_CONVERSION = YES_AGGRESSIVE;
				CLANG_CXX_LANGUAGE_STANDARD = "gnu++14";
				CLANG_CXX_LIBRARY = "libc++";
				CLANG_ENABLE_MODULES = YES;
				CLANG_ENABLE_OBJC_ARC = YES;
				CLANG_ENABLE_OBJC_WEAK = YES;
				CLANG_WARN_BLOCK_CAPTURE_AUTORELEASING = YES;
				CLANG_WARN_BOOL_CONVERSION = YES;
				CLANG_WARN_COMMA = YES;
				CLANG_WARN_CONSTANT_CONVERSION = YES;
				CLANG_WARN_DEPRECATED_OBJC_IMPLEMENTATIONS = YES;
				CLANG_WARN_DIRECT_OBJC_ISA_USAGE = YES_ERROR;
				CLANG_WARN_DOCUMENTATION_COMMENTS = YES;
				CLANG_WARN_EMPTY_BODY = YES;
				CLANG_WARN_ENUM_CONVERSION = YES;
				CLANG_WARN_INFINITE_RECURSION = YES;
				CLANG_WARN_INT_CONVERSION = YES;
				CLANG_WARN_NON_LITERAL_NULL_CONVERSION = YES;
				CLANG_WARN_OBJC_IMPLICIT_RETAIN_SELF = YES;
				CLANG_WARN_OBJC_LITERAL_CONVERSION = YES;
				CLANG_WARN_OBJC_ROOT_CLASS = YES_ERROR;
				CLANG_WARN_RANGE_LOOP_ANALYSIS = YES;
				CLANG_WARN_STRICT_PROTOTYPES = YES;
				CLANG_WARN_SUSPICIOUS_MOVE = YES;
				CLANG_WARN_UNGUARDED_AVAILABILITY = YES_AGGRESSIVE;
				CLANG_WARN_UNREACHABLE_CODE = YES;
				CLANG_WARN__DUPLICATE_METHOD_MATCH = YES;
				COPY_PHASE_STRIP = NO;
				DEBUG_INFORMATION_FORMAT = dwarf;
				ENABLE_STRICT_OBJC_MSGSEND = YES;
				ENABLE_TESTABILITY = YES;
				GCC_C_LANGUAGE_STANDARD = gnu11;
				GCC_DYNAMIC_NO_PIC = NO;
				GCC_NO_COMMON_BLOCKS = YES;
				GCC_OPTIMIZATION_LEVEL = 0;
				GCC_PREPROCESSOR_DEFINITIONS = (
					"DEBUG=1",
					"$(inherited)",
				);
				GCC_WARN_64_TO_32_BIT_CONVERSION = YES;
				GCC_WARN_ABOUT_RETURN_TYPE = YES_ERROR;
				GCC_WARN_UNDECLARED_SELECTOR = YES;
				GCC_WARN_UNINITIALIZED_AUTOS = YES_AGGRESSIVE;
				GCC_WARN_UNUSED_FUNCTION = YES;
				GCC_WARN_UNUSED_VARIABLE = YES;
				IPHONEOS_DEPLOYMENT_TARGET = 13.4;
				MTL_ENABLE_DEBUG_INFO = INCLUDE_SOURCE;
				MTL_FAST_MATH = YES;
				ONLY_ACTIVE_ARCH = YES;
				SDKROOT = iphoneos;
				SWIFT_ACTIVE_COMPILATION_CONDITIONS = DEBUG;
				SWIFT_OPTIMIZATION_LEVEL = "-Onone";
			};
			name = Debug;
		};
		EBF8744F242F81370056623E /* Release */ = {
			isa = XCBuildConfiguration;
			buildSettings = {
				ALWAYS_SEARCH_USER_PATHS = NO;
				CLANG_ANALYZER_NONNULL = YES;
				CLANG_ANALYZER_NUMBER_OBJECT_CONVERSION = YES_AGGRESSIVE;
				CLANG_CXX_LANGUAGE_STANDARD = "gnu++14";
				CLANG_CXX_LIBRARY = "libc++";
				CLANG_ENABLE_MODULES = YES;
				CLANG_ENABLE_OBJC_ARC = YES;
				CLANG_ENABLE_OBJC_WEAK = YES;
				CLANG_WARN_BLOCK_CAPTURE_AUTORELEASING = YES;
				CLANG_WARN_BOOL_CONVERSION = YES;
				CLANG_WARN_COMMA = YES;
				CLANG_WARN_CONSTANT_CONVERSION = YES;
				CLANG_WARN_DEPRECATED_OBJC_IMPLEMENTATIONS = YES;
				CLANG_WARN_DIRECT_OBJC_ISA_USAGE = YES_ERROR;
				CLANG_WARN_DOCUMENTATION_COMMENTS = YES;
				CLANG_WARN_EMPTY_BODY = YES;
				CLANG_WARN_ENUM_CONVERSION = YES;
				CLANG_WARN_INFINITE_RECURSION = YES;
				CLANG_WARN_INT_CONVERSION = YES;
				CLANG_WARN_NON_LITERAL_NULL_CONVERSION = YES;
				CLANG_WARN_OBJC_IMPLICIT_RETAIN_SELF = YES;
				CLANG_WARN_OBJC_LITERAL_CONVERSION = YES;
				CLANG_WARN_OBJC_ROOT_CLASS = YES_ERROR;
				CLANG_WARN_RANGE_LOOP_ANALYSIS = YES;
				CLANG_WARN_STRICT_PROTOTYPES = YES;
				CLANG_WARN_SUSPICIOUS_MOVE = YES;
				CLANG_WARN_UNGUARDED_AVAILABILITY = YES_AGGRESSIVE;
				CLANG_WARN_UNREACHABLE_CODE = YES;
				CLANG_WARN__DUPLICATE_METHOD_MATCH = YES;
				COPY_PHASE_STRIP = NO;
				DEBUG_INFORMATION_FORMAT = "dwarf-with-dsym";
				ENABLE_NS_ASSERTIONS = NO;
				ENABLE_STRICT_OBJC_MSGSEND = YES;
				GCC_C_LANGUAGE_STANDARD = gnu11;
				GCC_NO_COMMON_BLOCKS = YES;
				GCC_WARN_64_TO_32_BIT_CONVERSION = YES;
				GCC_WARN_ABOUT_RETURN_TYPE = YES_ERROR;
				GCC_WARN_UNDECLARED_SELECTOR = YES;
				GCC_WARN_UNINITIALIZED_AUTOS = YES_AGGRESSIVE;
				GCC_WARN_UNUSED_FUNCTION = YES;
				GCC_WARN_UNUSED_VARIABLE = YES;
				IPHONEOS_DEPLOYMENT_TARGET = 13.4;
				MTL_ENABLE_DEBUG_INFO = NO;
				MTL_FAST_MATH = YES;
				SDKROOT = iphoneos;
				SWIFT_COMPILATION_MODE = wholemodule;
				SWIFT_OPTIMIZATION_LEVEL = "-O";
				VALIDATE_PRODUCT = YES;
			};
			name = Release;
		};
		EBF87451242F81370056623E /* Debug */ = {
			isa = XCBuildConfiguration;
			buildSettings = {
				ASSETCATALOG_COMPILER_APPICON_NAME = AppIcon;
				CODE_SIGN_ENTITLEMENTS = Eventpad/Eventpad.entitlements;
				CODE_SIGN_STYLE = Automatic;
				DEVELOPMENT_TEAM = B2FMGUSH44;
				INFOPLIST_FILE = Eventpad/Info.plist;
				IPHONEOS_DEPLOYMENT_TARGET = 13.3;
				LD_RUNPATH_SEARCH_PATHS = (
					"$(inherited)",
					"@executable_path/Frameworks",
				);
				MARKETING_VERSION = 1.0;
				PRODUCT_BUNDLE_IDENTIFIER = com.olejiksa.Eventpad;
				PRODUCT_NAME = "$(TARGET_NAME)";
				SUPPORTS_MACCATALYST = YES;
				SWIFT_VERSION = 5.0;
				TARGETED_DEVICE_FAMILY = "1,2";
			};
			name = Debug;
		};
		EBF87452242F81370056623E /* Release */ = {
			isa = XCBuildConfiguration;
			buildSettings = {
				ASSETCATALOG_COMPILER_APPICON_NAME = AppIcon;
				CODE_SIGN_ENTITLEMENTS = Eventpad/Eventpad.entitlements;
				CODE_SIGN_STYLE = Automatic;
				DEVELOPMENT_TEAM = B2FMGUSH44;
				INFOPLIST_FILE = Eventpad/Info.plist;
				IPHONEOS_DEPLOYMENT_TARGET = 13.3;
				LD_RUNPATH_SEARCH_PATHS = (
					"$(inherited)",
					"@executable_path/Frameworks",
				);
				MARKETING_VERSION = 1.0;
				PRODUCT_BUNDLE_IDENTIFIER = com.olejiksa.Eventpad;
				PRODUCT_NAME = "$(TARGET_NAME)";
				SUPPORTS_MACCATALYST = YES;
				SWIFT_VERSION = 5.0;
				TARGETED_DEVICE_FAMILY = "1,2";
			};
			name = Release;
		};
/* End XCBuildConfiguration section */

/* Begin XCConfigurationList section */
		EBF87437242F81330056623E /* Build configuration list for PBXProject "Eventpad" */ = {
			isa = XCConfigurationList;
			buildConfigurations = (
				EBF8744E242F81370056623E /* Debug */,
				EBF8744F242F81370056623E /* Release */,
			);
			defaultConfigurationIsVisible = 0;
			defaultConfigurationName = Release;
		};
		EBF87450242F81370056623E /* Build configuration list for PBXNativeTarget "Eventpad" */ = {
			isa = XCConfigurationList;
			buildConfigurations = (
				EBF87451242F81370056623E /* Debug */,
				EBF87452242F81370056623E /* Release */,
			);
			defaultConfigurationIsVisible = 0;
			defaultConfigurationName = Release;
		};
/* End XCConfigurationList section */

/* Begin XCRemoteSwiftPackageReference section */
		EB5D023C2474FA9600FE43B2 /* XCRemoteSwiftPackageReference "Kingfisher" */ = {
			isa = XCRemoteSwiftPackageReference;
			repositoryURL = "https://github.com/onevcat/Kingfisher.git";
			requirement = {
				kind = upToNextMajorVersion;
				minimumVersion = 5.14.0;
			};
		};
		EB997814243096BB00DD5663 /* XCRemoteSwiftPackageReference "KeyboardAdjuster" */ = {
			isa = XCRemoteSwiftPackageReference;
			repositoryURL = "https://github.com/lionheart/KeyboardAdjuster.git";
			requirement = {
				branch = master;
				kind = branch;
			};
		};
/* End XCRemoteSwiftPackageReference section */

/* Begin XCSwiftPackageProductDependency section */
		EB5D023D2474FA9600FE43B2 /* Kingfisher */ = {
			isa = XCSwiftPackageProductDependency;
			package = EB5D023C2474FA9600FE43B2 /* XCRemoteSwiftPackageReference "Kingfisher" */;
			productName = Kingfisher;
		};
		EB997815243096BB00DD5663 /* KeyboardAdjuster */ = {
			isa = XCSwiftPackageProductDependency;
			package = EB997814243096BB00DD5663 /* XCRemoteSwiftPackageReference "KeyboardAdjuster" */;
			productName = KeyboardAdjuster;
		};
/* End XCSwiftPackageProductDependency section */
	};
	rootObject = EBF87434242F81330056623E /* Project object */;
}
